{
  "name": "lito_boilerplate",
  "lockfileVersion": 3,
  "requires": true,
  "packages": {
    "": {
      "name": "lito_boilerplate",
      "hasInstallScript": true,
      "dependencies": {
        "@kitajs/html": "^4.2.4",
        "@kitajs/ts-html-plugin": "^4.1.0",
        "litojs": "^0.0.0-experimental-2"
      },
      "devDependencies": {
        "@types/bun": "latest"
      },
      "peerDependencies": {
        "typescript": "^5.0.0"
      }
    },
    "../lito": {
      "name": "litojs",
      "version": "0.0.1",
      "extraneous": true,
      "dependencies": {
        "@kitajs/html": "^4.2.4",
        "@kitajs/ts-html-plugin": "^4.1.0",
        "chalk": "^5.3.0",
        "tsup": "^8.3.5"
      },
      "devDependencies": {
        "@eslint/js": "^9.14.0",
        "@types/bun": "latest",
        "@types/eslint__js": "^8.42.3",
        "eslint": "^9.14.0",
        "eslint-plugin-simple-import-sort": "^12.1.1",
        "typescript-eslint": "^8.13.0"
      },
      "peerDependencies": {
        "typescript": "^5.6.3"
      }
    },
    "node_modules/@kitajs/html": {
      "version": "4.2.4",
      "license": "MIT",
      "dependencies": {
        "csstype": "^3.1.3"
      },
      "engines": {
        "node": ">=12"
      },
      "funding": {
        "url": "https://github.com/kitajs/html?sponsor=1"
      }
    },
    "node_modules/@kitajs/ts-html-plugin": {
      "version": "4.1.0",
      "license": "MIT",
      "dependencies": {
        "chalk": "^4.1.2",
        "tslib": "^2.7.0",
        "yargs": "^17.7.2"
      },
      "bin": {
        "ts-html-plugin": "dist/cli.js",
        "xss-scan": "dist/cli.js"
      },
      "funding": {
        "url": "https://github.com/kitajs/html?sponsor=1"
      },
      "peerDependencies": {
        "@kitajs/html": "^4.2.2",
        "typescript": "^5.6.2"
      }
    },
    "node_modules/@kitajs/ts-html-plugin/node_modules/chalk": {
      "version": "4.1.2",
      "license": "MIT",
      "dependencies": {
        "ansi-styles": "^4.1.0",
        "supports-color": "^7.1.0"
      },
      "engines": {
        "node": ">=10"
      },
      "funding": {
        "url": "https://github.com/chalk/chalk?sponsor=1"
      }
    },
    "node_modules/@types/bun": {
      "version": "1.1.13",
      "resolved": "https://registry.npmjs.org/@types/bun/-/bun-1.1.13.tgz",
      "integrity": "sha512-KmQxSBgVWCl6RSuerlLGZlIWfdxkKqat0nxN61+qu4y1KDn0Ll3j7v1Pl8GnaL3a/U6GGWVTJh75ap62kR1E8Q==",
      "dev": true,
      "license": "MIT",
      "dependencies": {
        "bun-types": "1.1.34"
      }
    },
    "node_modules/@types/node": {
      "version": "20.12.14",
      "dev": true,
      "license": "MIT",
      "dependencies": {
        "undici-types": "~5.26.4"
      }
    },
    "node_modules/@types/ws": {
      "version": "8.5.13",
      "dev": true,
      "license": "MIT",
      "dependencies": {
        "@types/node": "*"
      }
    },
    "node_modules/ansi-regex": {
      "version": "5.0.1",
      "license": "MIT",
      "engines": {
        "node": ">=8"
      }
    },
    "node_modules/ansi-styles": {
      "version": "4.3.0",
      "license": "MIT",
      "dependencies": {
        "color-convert": "^2.0.1"
      },
      "engines": {
        "node": ">=8"
      },
      "funding": {
        "url": "https://github.com/chalk/ansi-styles?sponsor=1"
      }
    },
    "node_modules/bun-types": {
      "version": "1.1.34",
      "dev": true,
      "license": "MIT",
      "dependencies": {
        "@types/node": "~20.12.8",
        "@types/ws": "~8.5.10"
      }
    },
    "node_modules/chalk": {
      "version": "5.3.0",
      "resolved": "https://registry.npmjs.org/chalk/-/chalk-5.3.0.tgz",
      "integrity": "sha512-dLitG79d+GV1Nb/VYcCDFivJeK1hiukt9QjRNVOsUtTy1rR1YJsmpGGTZ3qJos+uw7WmWF4wUwBd9jxjocFC2w==",
      "engines": {
        "node": "^12.17.0 || ^14.13 || >=16.0.0"
      },
      "funding": {
        "url": "https://github.com/chalk/chalk?sponsor=1"
      }
    },
    "node_modules/cliui": {
      "version": "8.0.1",
      "license": "ISC",
      "dependencies": {
        "string-width": "^4.2.0",
        "strip-ansi": "^6.0.1",
        "wrap-ansi": "^7.0.0"
      },
      "engines": {
        "node": ">=12"
      }
    },
    "node_modules/color-convert": {
      "version": "2.0.1",
      "license": "MIT",
      "dependencies": {
        "color-name": "~1.1.4"
      },
      "engines": {
        "node": ">=7.0.0"
      }
    },
    "node_modules/color-name": {
      "version": "1.1.4",
      "license": "MIT"
    },
    "node_modules/csstype": {
      "version": "3.1.3",
      "license": "MIT"
    },
    "node_modules/emoji-regex": {
      "version": "8.0.0",
      "license": "MIT"
    },
    "node_modules/escalade": {
      "version": "3.2.0",
      "license": "MIT",
      "engines": {
        "node": ">=6"
      }
    },
    "node_modules/get-caller-file": {
      "version": "2.0.5",
      "license": "ISC",
      "engines": {
        "node": "6.* || 8.* || >= 10.*"
      }
    },
    "node_modules/has-flag": {
      "version": "4.0.0",
      "license": "MIT",
      "engines": {
        "node": ">=8"
      }
    },
    "node_modules/is-fullwidth-code-point": {
      "version": "3.0.0",
      "license": "MIT",
      "engines": {
        "node": ">=8"
      }
    },
    "node_modules/litojs": {
      "version": "0.0.0-experimental-2",
      "resolved": "https://registry.npmjs.org/litojs/-/litojs-0.0.0-experimental-2.tgz",
      "integrity": "sha512-MGgWMVkGjC+N2HhoJbQKqhvdcILZPEma+26KKkf0z5iu839GmTGCzga72N+3o73NwUDICauI/WBBZ/PO9nYvgg==",
      "dependencies": {
        "@kitajs/html": "^4.2.4",
        "@kitajs/ts-html-plugin": "^4.1.0",
        "chalk": "^5.3.0"
      },
      "peerDependencies": {
        "typescript": "^5.6.3"
      }
    },
    "node_modules/require-directory": {
      "version": "2.1.1",
      "license": "MIT",
      "engines": {
        "node": ">=0.10.0"
      }
    },
    "node_modules/string-width": {
      "version": "4.2.3",
      "license": "MIT",
      "dependencies": {
        "emoji-regex": "^8.0.0",
        "is-fullwidth-code-point": "^3.0.0",
        "strip-ansi": "^6.0.1"
      },
      "engines": {
        "node": ">=8"
      }
    },
    "node_modules/strip-ansi": {
      "version": "6.0.1",
      "license": "MIT",
      "dependencies": {
        "ansi-regex": "^5.0.1"
      },
      "engines": {
        "node": ">=8"
      }
    },
    "node_modules/supports-color": {
      "version": "7.2.0",
      "license": "MIT",
      "dependencies": {
        "has-flag": "^4.0.0"
      },
      "engines": {
        "node": ">=8"
      }
    },
    "node_modules/tslib": {
      "version": "2.8.1",
      "license": "0BSD"
    },
    "node_modules/typescript": {
      "version": "5.6.3",
      "license": "Apache-2.0",
      "peer": true,
      "bin": {
        "tsc": "bin/tsc",
        "tsserver": "bin/tsserver"
      },
      "engines": {
        "node": ">=14.17"
      }
    },
    "node_modules/undici-types": {
      "version": "5.26.5",
      "dev": true,
      "license": "MIT"
    },
    "node_modules/wrap-ansi": {
      "version": "7.0.0",
      "license": "MIT",
      "dependencies": {
        "ansi-styles": "^4.0.0",
        "string-width": "^4.1.0",
        "strip-ansi": "^6.0.0"
      },
      "engines": {
        "node": ">=10"
      },
      "funding": {
        "url": "https://github.com/chalk/wrap-ansi?sponsor=1"
      }
    },
    "node_modules/y18n": {
      "version": "5.0.8",
      "license": "ISC",
      "engines": {
        "node": ">=10"
      }
    },
    "node_modules/yargs": {
      "version": "17.7.2",
      "license": "MIT",
      "dependencies": {
        "cliui": "^8.0.1",
        "escalade": "^3.1.1",
        "get-caller-file": "^2.0.5",
        "require-directory": "^2.1.1",
        "string-width": "^4.2.3",
        "y18n": "^5.0.5",
        "yargs-parser": "^21.1.1"
      },
      "engines": {
        "node": ">=12"
      }
    },
    "node_modules/yargs-parser": {
      "version": "21.1.1",
      "license": "ISC",
      "engines": {
        "node": ">=12"
      }
    }
  }
}
